<?xml version="1.0" encoding="utf-8"?>
<Project ToolsVersion="4.0" xmlns="http://schemas.microsoft.com/developer/msbuild/2003">
  <ItemGroup>
    <Filter Include="Source Files">
      <UniqueIdentifier>{4FC737F1-C7A5-4376-A066-2A32D752A2FF}</UniqueIdentifier>
      <Extensions>cpp;c;cc;cxx;def;odl;idl;hpj;bat;asm;asmx</Extensions>
    </Filter>
    <Filter Include="Header Files">
      <UniqueIdentifier>{93995380-89BD-4b04-88EB-625FBE52EBFB}</UniqueIdentifier>
      <Extensions>h;hpp;hxx;hm;inl;inc;xsd</Extensions>
    </Filter>
    <Filter Include="Resource Files">
      <UniqueIdentifier>{67DA6AB6-F800-4c08-8B7A-83BB121AAD01}</UniqueIdentifier>
      <Extensions>rc;ico;cur;bmp;dlg;rc2;rct;bin;rgs;gif;jpg;jpeg;jpe;resx;tiff;tif;png;wav;mfcribbon-ms</Extensions>
    </Filter>
    <Filter Include="Source Files\sqlite">
      <UniqueIdentifier>{e632cda8-ee66-427d-a0d6-b860a34358ea}</UniqueIdentifier>
    </Filter>
    <Filter Include="Header Files\sqlite">
      <UniqueIdentifier>{74f50eb3-9a95-4ba3-b682-ff83d674a3a0}</UniqueIdentifier>
    </Filter>
    <Filter Include="Header Files\math">
      <UniqueIdentifier>{626ea877-e4a9-414b-8148-0bffafd8b950}</UniqueIdentifier>
    </Filter>
  </ItemGroup>
  <ItemGroup>
    <ClInclude Include="src\sqlite\sqlite3.h">
      <Filter>Header Files\sqlite</Filter>
    </ClInclude>
    <ClInclude Include="src\zeq\math\axis_aligned_bounding_box.hpp">
      <Filter>Header Files\math</Filter>
    </ClInclude>
    <ClInclude Include="src\zeq\math\frustum.hpp">
      <Filter>Header Files\math</Filter>
    </ClInclude>
    <ClInclude Include="src\zeq\math\mat4.hpp">
      <Filter>Header Files\math</Filter>
    </ClInclude>
    <ClInclude Include="src\zeq\math\math.hpp">
      <Filter>Header Files\math</Filter>
    </ClInclude>
    <ClInclude Include="src\zeq\math\plane.hpp">
      <Filter>Header Files\math</Filter>
    </ClInclude>
    <ClInclude Include="src\zeq\math\quaternion.hpp">
      <Filter>Header Files\math</Filter>
    </ClInclude>
    <ClInclude Include="src\zeq\math\vec2.hpp">
      <Filter>Header Files\math</Filter>
    </ClInclude>
    <ClInclude Include="src\zeq\math\vec3.hpp">
      <Filter>Header Files\math</Filter>
    </ClInclude>
    <ClInclude Include="src\zeq\animated_model.hpp">
      <Filter>Header Files</Filter>
    </ClInclude>
    <ClInclude Include="src\zeq\animation.hpp">
      <Filter>Header Files</Filter>
    </ClInclude>
    <ClInclude Include="src\zeq\bit.hpp">
      <Filter>Header Files</Filter>
    </ClInclude>
    <ClInclude Include="src\zeq\bone_assignment.hpp">
      <Filter>Header Files</Filter>
    </ClInclude>
    <ClInclude Include="src\zeq\camera.hpp">
      <Filter>Header Files</Filter>
    </ClInclude>
    <ClInclude Include="src\zeq\clock.hpp">
      <Filter>Header Files</Filter>
    </ClInclude>
    <ClInclude Include="src\zeq\config.hpp">
      <Filter>Header Files</Filter>
    </ClInclude>
    <ClInclude Include="src\zeq\database.hpp">
      <Filter>Header Files</Filter>
    </ClInclude>
    <ClInclude Include="src\zeq\define.hpp">
      <Filter>Header Files</Filter>
    </ClInclude>
    <ClInclude Include="src\zeq\input.hpp">
      <Filter>Header Files</Filter>
    </ClInclude>
    <ClInclude Include="src\zeq\lua.hpp">
      <Filter>Header Files</Filter>
    </ClInclude>
    <ClInclude Include="src\zeq\material.hpp">
      <Filter>Header Files</Filter>
    </ClInclude>
    <ClInclude Include="src\zeq\model_prototype.hpp">
      <Filter>Header Files</Filter>
    </ClInclude>
    <ClInclude Include="src\zeq\model_resources.hpp">
      <Filter>Header Files</Filter>
    </ClInclude>
    <ClInclude Include="src\zeq\opengl.hpp">
      <Filter>Header Files</Filter>
    </ClInclude>
    <ClInclude Include="src\zeq\perf_timer.hpp">
      <Filter>Header Files</Filter>
    </ClInclude>
    <ClInclude Include="src\zeq\ref_counter.hpp">
      <Filter>Header Files</Filter>
    </ClInclude>
    <ClInclude Include="src\zeq\skeleton.hpp">
      <Filter>Header Files</Filter>
    </ClInclude>
    <ClInclude Include="src\zeq\temp.hpp">
      <Filter>Header Files</Filter>
    </ClInclude>
    <ClInclude Include="src\zeq\temp_alloc.hpp">
      <Filter>Header Files</Filter>
    </ClInclude>
    <ClInclude Include="src\zeq\texture.hpp">
      <Filter>Header Files</Filter>
    </ClInclude>
    <ClInclude Include="src\zeq\timer.hpp">
      <Filter>Header Files</Filter>
    </ClInclude>
    <ClInclude Include="src\zeq\timer_pool.hpp">
      <Filter>Header Files</Filter>
    </ClInclude>
    <ClInclude Include="src\zeq\transparencies.hpp">
      <Filter>Header Files</Filter>
    </ClInclude>
    <ClInclude Include="src\zeq\vertex_buffer.hpp">
      <Filter>Header Files</Filter>
    </ClInclude>
    <ClInclude Include="src\zeq\window.hpp">
      <Filter>Header Files</Filter>
    </ClInclude>
    <ClInclude Include="src\zeq\zone_model.hpp">
      <Filter>Header Files</Filter>
    </ClInclude>
  </ItemGroup>
  <ItemGroup>
    <ClCompile Include="src\sqlite\sqlite3.c">
      <Filter>Source Files\sqlite</Filter>
    </ClCompile>
    <ClCompile Include="src\zeq\animated_model.cpp">
      <Filter>Source Files</Filter>
    </ClCompile>
    <ClCompile Include="src\zeq\animation.cpp">
      <Filter>Source Files</Filter>
    </ClCompile>
    <ClCompile Include="src\zeq\camera.cpp">
      <Filter>Source Files</Filter>
    </ClCompile>
    <ClCompile Include="src\zeq\clock.cpp">
      <Filter>Source Files</Filter>
    </ClCompile>
    <ClCompile Include="src\zeq\config.cpp">
      <Filter>Source Files</Filter>
    </ClCompile>
    <ClCompile Include="src\zeq\database.cpp">
      <Filter>Source Files</Filter>
    </ClCompile>
    <ClCompile Include="src\zeq\input.cpp">
      <Filter>Source Files</Filter>
    </ClCompile>
    <ClCompile Include="src\zeq\lua.cpp">
      <Filter>Source Files</Filter>
    </ClCompile>
    <ClCompile Include="src\zeq\main.cpp">
      <Filter>Source Files</Filter>
    </ClCompile>
    <ClCompile Include="src\zeq\model_prototype.cpp">
      <Filter>Source Files</Filter>
    </ClCompile>
    <ClCompile Include="src\zeq\model_resources.cpp">
      <Filter>Source Files</Filter>
    </ClCompile>
    <ClCompile Include="src\zeq\opengl.cpp">
      <Filter>Source Files</Filter>
    </ClCompile>
    <ClCompile Include="src\zeq\skeleton.cpp">
      <Filter>Source Files</Filter>
    </ClCompile>
    <ClCompile Include="src\zeq\temp.cpp">
      <Filter>Source Files</Filter>
    </ClCompile>
    <ClCompile Include="src\zeq\texture.cpp">
      <Filter>Source Files</Filter>
    </ClCompile>
    <ClCompile Include="src\zeq\timer.cpp">
      <Filter>Source Files</Filter>
    </ClCompile>
    <ClCompile Include="src\zeq\timer_pool.cpp">
      <Filter>Source Files</Filter>
    </ClCompile>
    <ClCompile Include="src\zeq\transparencies.cpp">
      <Filter>Source Files</Filter>
    </ClCompile>
    <ClCompile Include="src\zeq\vertex_buffer.cpp">
      <Filter>Source Files</Filter>
    </ClCompile>
    <ClCompile Include="src\zeq\window.cpp">
      <Filter>Source Files</Filter>
    </ClCompile>
    <ClCompile Include="src\zeq\zone_model.cpp">
      <Filter>Source Files</Filter>
    </ClCompile>
  </ItemGroup>
</Project>